
Microsoft Visual Studio Solution File, Format Version 12.00
# Visual Studio 2013
VisualStudioVersion = 12.0.21005.1
MinimumVisualStudioVersion = 10.0.40219.1
Project("{FAE04EC0-301F-11D3-BF4B-00C04F79EFBC}") = "Aurum.Modelo", "Aurum.Modelo\Aurum.Modelo.csproj", "{D4299626-D30D-4B85-ACC7-25A068472EE1}"
EndProject
Project("{FAE04EC0-301F-11D3-BF4B-00C04F79EFBC}") = "Aurum.Negocio", "Aurum.Negocio\Aurum.Negocio.csproj", "{0E340415-EFE8-4FDE-95C4-B7F4B3B1A34A}"
EndProject
Project("{FAE04EC0-301F-11D3-BF4B-00C04F79EFBC}") = "Aurum.Web", "Aurum.Web\Aurum.Web.csproj", "{E82E6F95-B9AD-4839-BB78-D81B513E2B20}"
EndProject
Global
	GlobalSection(TeamFoundationVersionControl) = preSolution
		SccNumberOfProjects = 4
		SccEnterpriseProvider = {4CA58AB2-18FA-4F8D-95D4-32DDF27D184C}
		SccTeamFoundationServer = https://ferhrosa.visualstudio.com/defaultcollection
		SccLocalPath0 = .
		SccProjectUniqueName1 = Aurum.Modelo\\Aurum.Modelo.csproj
		SccProjectName1 = Aurum.Modelo
		SccLocalPath1 = Aurum.Modelo
		SccProjectUniqueName2 = Aurum.Negocio\\Aurum.Negocio.csproj
		SccProjectName2 = Aurum.Negocio
		SccLocalPath2 = Aurum.Negocio
		SccProjectUniqueName3 = Aurum.Web\\Aurum.Web.csproj
		SccProjectName3 = Aurum.Web
		SccLocalPath3 = Aurum.Web
	EndGlobalSection
	GlobalSection(SolutionConfigurationPlatforms) = preSolution
		Debug|Any CPU = Debug|Any CPU
		Release|Any CPU = Release|Any CPU
	EndGlobalSection
	GlobalSection(ProjectConfigurationPlatforms) = postSolution
		{D4299626-D30D-4B85-ACC7-25A068472EE1}.Debug|Any CPU.ActiveCfg = Debug|Any CPU
		{D4299626-D30D-4B85-ACC7-25A068472EE1}.Debug|Any CPU.Build.0 = Debug|Any CPU
		{D4299626-D30D-4B85-ACC7-25A068472EE1}.Release|Any CPU.ActiveCfg = Release|Any CPU
		{D4299626-D30D-4B85-ACC7-25A068472EE1}.Release|Any CPU.Build.0 = Release|Any CPU
		{0E340415-EFE8-4FDE-95C4-B7F4B3B1A34A}.Debug|Any CPU.ActiveCfg = Debug|Any CPU
		{0E340415-EFE8-4FDE-95C4-B7F4B3B1A34A}.Debug|Any CPU.Build.0 = Debug|Any CPU
		{0E340415-EFE8-4FDE-95C4-B7F4B3B1A34A}.Release|Any CPU.ActiveCfg = Release|Any CPU
		{0E340415-EFE8-4FDE-95C4-B7F4B3B1A34A}.Release|Any CPU.Build.0 = Release|Any CPU
		{E82E6F95-B9AD-4839-BB78-D81B513E2B20}.Debug|Any CPU.ActiveCfg = Debug|Any CPU
		{E82E6F95-B9AD-4839-BB78-D81B513E2B20}.Debug|Any CPU.Build.0 = Debug|Any CPU
		{E82E6F95-B9AD-4839-BB78-D81B513E2B20}.Release|Any CPU.ActiveCfg = Release|Any CPU
		{E82E6F95-B9AD-4839-BB78-D81B513E2B20}.Release|Any CPU.Build.0 = Release|Any CPU
	EndGlobalSection
	GlobalSection(SolutionProperties) = preSolution
		HideSolutionNode = FALSE
	EndGlobalSection
EndGlobal
